Microsoft Visual Studio Solution File, Format Version 12.00
# Visual Studio 2012
Project("{FAE04EC0-301F-11D3-BF4B-00C04F79EFBC}") = "Space_Side_Scroller", "Space_Side_Scroller.csproj", "{D0903371-0E09-4E0A-AEA7-49DF4521AC44}"
EndProject
Global
	GlobalSection(SolutionConfigurationPlatforms) = preSolution
	Debug|Any CPU = Debug|Any CPU
	ExportDebug|Any CPU = ExportDebug|Any CPU
	ExportRelease|Any CPU = ExportRelease|Any CPU
	EndGlobalSection
	GlobalSection(ProjectConfigurationPlatforms) = postSolution
		{D0903371-0E09-4E0A-AEA7-49DF4521AC44}.Debug|Any CPU.ActiveCfg = Debug|Any CPU
		{D0903371-0E09-4E0A-AEA7-49DF4521AC44}.Debug|Any CPU.Build.0 = Debug|Any CPU
		{D0903371-0E09-4E0A-AEA7-49DF4521AC44}.ExportDebug|Any CPU.ActiveCfg = ExportDebug|Any CPU
		{D0903371-0E09-4E0A-AEA7-49DF4521AC44}.ExportDebug|Any CPU.Build.0 = ExportDebug|Any CPU
		{D0903371-0E09-4E0A-AEA7-49DF4521AC44}.ExportRelease|Any CPU.ActiveCfg = ExportRelease|Any CPU
		{D0903371-0E09-4E0A-AEA7-49DF4521AC44}.ExportRelease|Any CPU.Build.0 = ExportRelease|Any CPU
	EndGlobalSection
EndGlobal
